
Microsoft Visual Studio Solution File, Format Version 12.00
# Visual Studio 15
VisualStudioVersion = 15.0.28307.1169
MinimumVisualStudioVersion = 10.0.40219.1
Project("{8BC9CEB8-8B4A-11D0-8D11-00A0C91BC942}") = "ProductofArray", "ProductofArray\ProductofArray.vcxproj", "{D165AC6F-4535-40E1-B13F-C75B84810E26}"
EndProject
Global
	GlobalSection(SolutionConfigurationPlatforms) = preSolution
		Debug|x64 = Debug|x64
		Debug|x86 = Debug|x86
		Release|x64 = Release|x64
		Release|x86 = Release|x86
	EndGlobalSection
	GlobalSection(ProjectConfigurationPlatforms) = postSolution
		{D165AC6F-4535-40E1-B13F-C75B84810E26}.Debug|x64.ActiveCfg = Debug|x64
		{D165AC6F-4535-40E1-B13F-C75B84810E26}.Debug|x64.Build.0 = Debug|x64
		{D165AC6F-4535-40E1-B13F-C75B84810E26}.Debug|x86.ActiveCfg = Debug|Win32
		{D165AC6F-4535-40E1-B13F-C75B84810E26}.Debug|x86.Build.0 = Debug|Win32
		{D165AC6F-4535-40E1-B13F-C75B84810E26}.Release|x64.ActiveCfg = Release|x64
		{D165AC6F-4535-40E1-B13F-C75B84810E26}.Release|x64.Build.0 = Release|x64
		{D165AC6F-4535-40E1-B13F-C75B84810E26}.Release|x86.ActiveCfg = Release|Win32
		{D165AC6F-4535-40E1-B13F-C75B84810E26}.Release|x86.Build.0 = Release|Win32
	EndGlobalSection
	GlobalSection(SolutionProperties) = preSolution
		HideSolutionNode = FALSE
	EndGlobalSection
	GlobalSection(ExtensibilityGlobals) = postSolution
		SolutionGuid = {EC0141CB-ECB4-4927-B0BE-D1DC9008A822}
	EndGlobalSection
EndGlobal
